// !$*UTF8*$!
{
	archiveVersion = 1;
	classes = {
	};
	objectVersion = 48;
	objects = {

/* Begin PBXBuildFile section */
		057E2BC048E57A7A601C6C09 /* libPods-FengYe.a in Frameworks */ = {isa = PBXBuildFile; fileRef = DC52981DBA3D771F5837D53B /* libPods-FengYe.a */; };
		370D0B2E1FDCF0B4004263E4 /* AppDelegate.m in Sources */ = {isa = PBXBuildFile; fileRef = 370D0B2D1FDCF0B4004263E4 /* AppDelegate.m */; };
		370D0B311FDCF0B4004263E4 /* FYRecommendViewController.m in Sources */ = {isa = PBXBuildFile; fileRef = 370D0B301FDCF0B4004263E4 /* FYRecommendViewController.m */; };
		370D0B341FDCF0B4004263E4 /* FYDiscoverViewController.m in Sources */ = {isa = PBXBuildFile; fileRef = 370D0B331FDCF0B4004263E4 /* FYDiscoverViewController.m */; };
		370D0B371FDCF0B4004263E4 /* Main.storyboard in Resources */ = {isa = PBXBuildFile; fileRef = 370D0B351FDCF0B4004263E4 /* Main.storyboard */; };
		370D0B391FDCF0B4004263E4 /* Assets.xcassets in Resources */ = {isa = PBXBuildFile; fileRef = 370D0B381FDCF0B4004263E4 /* Assets.xcassets */; };
		370D0B3C1FDCF0B4004263E4 /* LaunchScreen.storyboard in Resources */ = {isa = PBXBuildFile; fileRef = 370D0B3A1FDCF0B4004263E4 /* LaunchScreen.storyboard */; };
		370D0B3F1FDCF0B4004263E4 /* main.m in Sources */ = {isa = PBXBuildFile; fileRef = 370D0B3E1FDCF0B4004263E4 /* main.m */; };
		370D0B471FDD0712004263E4 /* FYTabBarController.m in Sources */ = {isa = PBXBuildFile; fileRef = 370D0B461FDD0712004263E4 /* FYTabBarController.m */; };
		370D0B4A1FDD145D004263E4 /* FYMessageViewController.m in Sources */ = {isa = PBXBuildFile; fileRef = 370D0B491FDD145D004263E4 /* FYMessageViewController.m */; };
		371FAFC7208F798900B90453 /* uploadModel.m in Sources */ = {isa = PBXBuildFile; fileRef = 371FAFC6208F798900B90453 /* uploadModel.m */; };
		3722CE14208B3C9900368F05 /* FYMessagePrivateDetailCell.m in Sources */ = {isa = PBXBuildFile; fileRef = 3722CE13208B3C9900368F05 /* FYMessagePrivateDetailCell.m */; };
		3739CACD1FE2CE9000CCA000 /* 15.bmp in Resources */ = {isa = PBXBuildFile; fileRef = 3739CABE1FE2CE8F00CCA000 /* 15.bmp */; };
		3739CACE1FE2CE9000CCA000 /* 14.bmp in Resources */ = {isa = PBXBuildFile; fileRef = 3739CABF1FE2CE8F00CCA000 /* 14.bmp */; };
		3739CACF1FE2CE9000CCA000 /* 3.bmp in Resources */ = {isa = PBXBuildFile; fileRef = 3739CAC01FE2CE8F00CCA000 /* 3.bmp */; };
		3739CAD01FE2CE9000CCA000 /* 7.bmp in Resources */ = {isa = PBXBuildFile; fileRef = 3739CAC11FE2CE8F00CCA000 /* 7.bmp */; };
		3739CAD11FE2CE9000CCA000 /* 10.bmp in Resources */ = {isa = PBXBuildFile; fileRef = 3739CAC21FE2CE8F00CCA000 /* 10.bmp */; };
		3739CAD21FE2CE9000CCA000 /* 5.bmp in Resources */ = {isa = PBXBuildFile; fileRef = 3739CAC31FE2CE8F00CCA000 /* 5.bmp */; };
		3739CAD31FE2CE9000CCA000 /* 4.bmp in Resources */ = {isa = PBXBuildFile; fileRef = 3739CAC41FE2CE8F00CCA000 /* 4.bmp */; };
		3739CAD41FE2CE9000CCA000 /* 2.bmp in Resources */ = {isa = PBXBuildFile; fileRef = 3739CAC51FE2CE8F00CCA000 /* 2.bmp */; };
		3739CAD51FE2CE9000CCA000 /* 1.bmp in Resources */ = {isa = PBXBuildFile; fileRef = 3739CAC61FE2CE8F00CCA000 /* 1.bmp */; };
		3739CAD61FE2CE9000CCA000 /* 8.bmp in Resources */ = {isa = PBXBuildFile; fileRef = 3739CAC71FE2CE9000CCA000 /* 8.bmp */; };
		3739CAD71FE2CE9000CCA000 /* 6.bmp in Resources */ = {isa = PBXBuildFile; fileRef = 3739CAC81FE2CE9000CCA000 /* 6.bmp */; };
		3739CAD81FE2CE9000CCA000 /* 13.bmp in Resources */ = {isa = PBXBuildFile; fileRef = 3739CAC91FE2CE9000CCA000 /* 13.bmp */; };
		3739CAD91FE2CE9000CCA000 /* 9.bmp in Resources */ = {isa = PBXBuildFile; fileRef = 3739CACA1FE2CE9000CCA000 /* 9.bmp */; };
		3739CADA1FE2CE9000CCA000 /* 12.bmp in Resources */ = {isa = PBXBuildFile; fileRef = 3739CACB1FE2CE9000CCA000 /* 12.bmp */; };
		3739CADB1FE2CE9000CCA000 /* 11.bmp in Resources */ = {isa = PBXBuildFile; fileRef = 3739CACC1FE2CE9000CCA000 /* 11.bmp */; };
		378EC32F205CC5F1003578D3 /* FYUsersCell.m in Sources */ = {isa = PBXBuildFile; fileRef = 378EC32D205CC5F1003578D3 /* FYUsersCell.m */; };
		378EC330205CC5F1003578D3 /* FYUsersCell.xib in Resources */ = {isa = PBXBuildFile; fileRef = 378EC32E205CC5F1003578D3 /* FYUsersCell.xib */; };
		378EC333205CCEF8003578D3 /* FYScrollView.m in Sources */ = {isa = PBXBuildFile; fileRef = 378EC332205CCEF8003578D3 /* FYScrollView.m */; };
		379FE83220B9B41D0014F55C /* FYAddWorkInfoController.m in Sources */ = {isa = PBXBuildFile; fileRef = 379FE83120B9B41D0014F55C /* FYAddWorkInfoController.m */; };
		37A2B714206EA641000E0C67 /* FYPersonalCenterHeaderData.m in Sources */ = {isa = PBXBuildFile; fileRef = 37A2B713206EA641000E0C67 /* FYPersonalCenterHeaderData.m */; };
		37A72B60206757DB009975E1 /* FYDrawboardCellAdd.m in Sources */ = {isa = PBXBuildFile; fileRef = 37A72B5E206757DB009975E1 /* FYDrawboardCellAdd.m */; };
		37A72B61206757DB009975E1 /* FYDrawboardCellAdd.xib in Resources */ = {isa = PBXBuildFile; fileRef = 37A72B5F206757DB009975E1 /* FYDrawboardCellAdd.xib */; };
		37AAEB53208AF2EE000D5E8D /* FYDetailPrivateViewController.m in Sources */ = {isa = PBXBuildFile; fileRef = 37AAEB52208AF2EE000D5E8D /* FYDetailPrivateViewController.m */; };
		37AEED502072911700D64F1A /* FYShowAllFansViewController.m in Sources */ = {isa = PBXBuildFile; fileRef = 37AEED4F2072911700D64F1A /* FYShowAllFansViewController.m */; };
		37B06DBA207E3CA4009B2AF5 /* FYAbountViewController.m in Sources */ = {isa = PBXBuildFile; fileRef = 37B06DB9207E3CA4009B2AF5 /* FYAbountViewController.m */; };
		37B2FCDC20640E9F00E86A97 /* FYDrawboardCellUnitData.m in Sources */ = {isa = PBXBuildFile; fileRef = 37B2FCDB20640E9F00E86A97 /* FYDrawboardCellUnitData.m */; };
		37B2FCDF2064132C00E86A97 /* FYUserCellData.m in Sources */ = {isa = PBXBuildFile; fileRef = 37B2FCDE2064132C00E86A97 /* FYUserCellData.m */; };
		37B4B44E206A8398006BB958 /* UITextView+Placeholder.m in Sources */ = {isa = PBXBuildFile; fileRef = 37B4B44D206A8398006BB958 /* UITextView+Placeholder.m */; };
		37B4C3A1208E31BC0099EDD1 /* MobileCoreServices.framework in Frameworks */ = {isa = PBXBuildFile; fileRef = 37B4C3A0208E31AC0099EDD1 /* MobileCoreServices.framework */; };
		37B70F642088EB7E00CF7397 /* FYMessagePrivateCell.m in Sources */ = {isa = PBXBuildFile; fileRef = 37B70F632088EB7E00CF7397 /* FYMessagePrivateCell.m */; };
		37C154092066470E00820E27 /* FYShowAllDrawboardCellViewController.m in Sources */ = {isa = PBXBuildFile; fileRef = 37C154082066470E00820E27 /* FYShowAllDrawboardCellViewController.m */; };
		37C1540C2066473B00820E27 /* FYShowAllInterestCellViewController.m in Sources */ = {isa = PBXBuildFile; fileRef = 37C1540B2066473B00820E27 /* FYShowAllInterestCellViewController.m */; };
		37C1540F2066475500820E27 /* FYShowAllAttentionUserCellViewController.m in Sources */ = {isa = PBXBuildFile; fileRef = 37C1540E2066475500820E27 /* FYShowAllAttentionUserCellViewController.m */; };
		37ED2083205514B700B664AD /* FYDrawboardCell.m in Sources */ = {isa = PBXBuildFile; fileRef = 37ED2081205514B700B664AD /* FYDrawboardCell.m */; };
		37ED2084205514B700B664AD /* FYDrawboardCell.xib in Resources */ = {isa = PBXBuildFile; fileRef = 37ED2082205514B700B664AD /* FYDrawboardCell.xib */; };
		37EDBEAF204AA7C400B9A984 /* FYPersonalCenterViewController.m in Sources */ = {isa = PBXBuildFile; fileRef = 37EDBEAE204AA7C400B9A984 /* FYPersonalCenterViewController.m */; };
		37EE18062084F88E0070BD04 /* FYCommentCell.m in Sources */ = {isa = PBXBuildFile; fileRef = 37EE18052084F88E0070BD04 /* FYCommentCell.m */; };
		37EEDD63206941B500926C56 /* FYNewDrawboardViewController.m in Sources */ = {isa = PBXBuildFile; fileRef = 37EEDD62206941B500926C56 /* FYNewDrawboardViewController.m */; };
		37EF1C4E2075D2F5007D340E /* FYShowDetailDrawboardViewController.m in Sources */ = {isa = PBXBuildFile; fileRef = 37EF1C4D2075D2F5007D340E /* FYShowDetailDrawboardViewController.m */; };
		37EF1C512075F1E3007D340E /* UIView+Frame.m in Sources */ = {isa = PBXBuildFile; fileRef = 37EF1C502075F1E3007D340E /* UIView+Frame.m */; };
		37EF3EDD2086557D00E1983A /* FYCommentData.m in Sources */ = {isa = PBXBuildFile; fileRef = 37EF3EDC2086557D00E1983A /* FYCommentData.m */; };
		37EFD59320598A630031CD9B /* FYCollectionView.m in Sources */ = {isa = PBXBuildFile; fileRef = 37EFD59220598A630031CD9B /* FYCollectionView.m */; };
		37F01699205C9D58007F39F8 /* FYModuleCell.m in Sources */ = {isa = PBXBuildFile; fileRef = 37F01697205C9D58007F39F8 /* FYModuleCell.m */; };
		37F0169A205C9D58007F39F8 /* FYModuleCell.xib in Resources */ = {isa = PBXBuildFile; fileRef = 37F01698205C9D58007F39F8 /* FYModuleCell.xib */; };
		37F0169E205CA807007F39F8 /* FYInterestingCell.m in Sources */ = {isa = PBXBuildFile; fileRef = 37F0169C205CA807007F39F8 /* FYInterestingCell.m */; };
		37F0169F205CA807007F39F8 /* FYInterestingCell.xib in Resources */ = {isa = PBXBuildFile; fileRef = 37F0169D205CA807007F39F8 /* FYInterestingCell.xib */; };
		37F04DFF20878AC7009B6B24 /* FYMessageDynanicCell.m in Sources */ = {isa = PBXBuildFile; fileRef = 37F04DFE20878AC7009B6B24 /* FYMessageDynanicCell.m */; };
		37F08A97202732E400429C90 /* FYInterestGroupUnitData.m in Sources */ = {isa = PBXBuildFile; fileRef = 37F08A96202732E400429C90 /* FYInterestGroupUnitData.m */; };
		37F08A9D20275E1E00429C90 /* FYInterestGroupDetailController.m in Sources */ = {isa = PBXBuildFile; fileRef = 37F08A9C20275E1E00429C90 /* FYInterestGroupDetailController.m */; };
		37F097C92056D554004D34D8 /* FYDrawboardViewController.m in Sources */ = {isa = PBXBuildFile; fileRef = 37F097C82056D554004D34D8 /* FYDrawboardViewController.m */; };
		37F097D02056D5CB004D34D8 /* FYCollectionViewController.m in Sources */ = {isa = PBXBuildFile; fileRef = 37F097CF2056D5CB004D34D8 /* FYCollectionViewController.m */; };
		37F097D32056D5EA004D34D8 /* FYLikeViewController.m in Sources */ = {isa = PBXBuildFile; fileRef = 37F097D22056D5EA004D34D8 /* FYLikeViewController.m */; };
		37F097D62056D607004D34D8 /* FYAttentionViewController.m in Sources */ = {isa = PBXBuildFile; fileRef = 37F097D52056D607004D34D8 /* FYAttentionViewController.m */; };
		37F099F82045B00A00C8028C /* FYInterestGroupDetailData.m in Sources */ = {isa = PBXBuildFile; fileRef = 37F099F72045B00A00C8028C /* FYInterestGroupDetailData.m */; };
		37F0AED5208346FC000B5F0D /* FYClickForwardViewController.m in Sources */ = {isa = PBXBuildFile; fileRef = 37F0AED4208346FC000B5F0D /* FYClickForwardViewController.m */; };
		37F0AED82083A411000B5F0D /* FYClickCommentViewController.m in Sources */ = {isa = PBXBuildFile; fileRef = 37F0AED72083A411000B5F0D /* FYClickCommentViewController.m */; };
		37F1D6572000FB8B00709D37 /* FYLoginRegisterController.xib in Resources */ = {isa = PBXBuildFile; fileRef = 37F1D6512000FB8B00709D37 /* FYLoginRegisterController.xib */; };
		37F1D6592000FB8B00709D37 /* FYLoginRegisterController.m in Sources */ = {isa = PBXBuildFile; fileRef = 37F1D6542000FB8B00709D37 /* FYLoginRegisterController.m */; };
		37F1D65E2000FBFD00709D37 /* FYLoginRegisterView.m in Sources */ = {isa = PBXBuildFile; fileRef = 37F1D65C2000FBFD00709D37 /* FYLoginRegisterView.m */; };
		37F1D65F2000FBFD00709D37 /* FYLoginRegisterView.xib in Resources */ = {isa = PBXBuildFile; fileRef = 37F1D65D2000FBFD00709D37 /* FYLoginRegisterView.xib */; };
		37F2100620774E6C00E13DD4 /* FYDetailDrawboardColleCell.m in Sources */ = {isa = PBXBuildFile; fileRef = 37F2100420774E6C00E13DD4 /* FYDetailDrawboardColleCell.m */; };
		37F2100720774E6C00E13DD4 /* FYDetailDrawboardColleCell.xib in Resources */ = {isa = PBXBuildFile; fileRef = 37F2100520774E6C00E13DD4 /* FYDetailDrawboardColleCell.xib */; };
		37F21393207D0D7200271C90 /* FYSettingsViewController.m in Sources */ = {isa = PBXBuildFile; fileRef = 37F21392207D0D7200271C90 /* FYSettingsViewController.m */; };
		37F2314720819DBA00BFDCD4 /* FYClickLikeViewController.m in Sources */ = {isa = PBXBuildFile; fileRef = 37F2314620819DBA00BFDCD4 /* FYClickLikeViewController.m */; };
		37F2314D2082051E00BFDCD4 /* FYSelectDrawNameViewController.m in Sources */ = {isa = PBXBuildFile; fileRef = 37F2314C2082051E00BFDCD4 /* FYSelectDrawNameViewController.m */; };
		37F28E5A20142A75003B07BD /* FYDetailInfoController.m in Sources */ = {isa = PBXBuildFile; fileRef = 37F28E5920142A75003B07BD /* FYDetailInfoController.m */; };
		37F4DB7E202B5EC80034E23F /* FYDisplayCell.xib in Resources */ = {isa = PBXBuildFile; fileRef = 37F4DB7D202B5EC80034E23F /* FYDisplayCell.xib */; };
		37F6522A201B838500B036C1 /* FYWorksUnitData.m in Sources */ = {isa = PBXBuildFile; fileRef = 37F65229201B838500B036C1 /* FYWorksUnitData.m */; };
		37F7B9D41FE6115E00756CA7 /* 0.bmp in Resources */ = {isa = PBXBuildFile; fileRef = 37F7B9D31FE6115E00756CA7 /* 0.bmp */; };
		37F7B9D81FE62F5C00756CA7 /* FYDisplayCell.m in Sources */ = {isa = PBXBuildFile; fileRef = 37F7B9D61FE62F5C00756CA7 /* FYDisplayCell.m */; };
		37FDCEF91FDED6E90031BFC2 /* FYCollectionViewWaterFallLayout.m in Sources */ = {isa = PBXBuildFile; fileRef = 37FDCEF81FDED6E90031BFC2 /* FYCollectionViewWaterFallLayout.m */; };
/* End PBXBuildFile section */

/* Begin PBXFileReference section */
		370D0B291FDCF0B4004263E4 /* FengYe.app */ = {isa = PBXFileReference; explicitFileType = wrapper.application; includeInIndex = 0; path = FengYe.app; sourceTree = BUILT_PRODUCTS_DIR; };
		370D0B2C1FDCF0B4004263E4 /* AppDelegate.h */ = {isa = PBXFileReference; lastKnownFileType = sourcecode.c.h; path = AppDelegate.h; sourceTree = "<group>"; };
		370D0B2D1FDCF0B4004263E4 /* AppDelegate.m */ = {isa = PBXFileReference; lastKnownFileType = sourcecode.c.objc; path = AppDelegate.m; sourceTree = "<group>"; };
		370D0B2F1FDCF0B4004263E4 /* FYRecommendViewController.h */ = {isa = PBXFileReference; lastKnownFileType = sourcecode.c.h; path = FYRecommendViewController.h; sourceTree = "<group>"; };
		370D0B301FDCF0B4004263E4 /* FYRecommendViewController.m */ = {isa = PBXFileReference; lastKnownFileType = sourcecode.c.objc; path = FYRecommendViewController.m; sourceTree = "<group>"; };
		370D0B321FDCF0B4004263E4 /* FYDiscoverViewController.h */ = {isa = PBXFileReference; lastKnownFileType = sourcecode.c.h; path = FYDiscoverViewController.h; sourceTree = "<group>"; };
		370D0B331FDCF0B4004263E4 /* FYDiscoverViewController.m */ = {isa = PBXFileReference; lastKnownFileType = sourcecode.c.objc; path = FYDiscoverViewController.m; sourceTree = "<group>"; };
		370D0B361FDCF0B4004263E4 /* Base */ = {isa = PBXFileReference; lastKnownFileType = file.storyboard; name = Base; path = Base.lproj/Main.storyboard; sourceTree = "<group>"; };
		370D0B381FDCF0B4004263E4 /* Assets.xcassets */ = {isa = PBXFileReference; lastKnownFileType = folder.assetcatalog; path = Assets.xcassets; sourceTree = "<group>"; };
		370D0B3B1FDCF0B4004263E4 /* Base */ = {isa = PBXFileReference; lastKnownFileType = file.storyboard; name = Base; path = Base.lproj/LaunchScreen.storyboard; sourceTree = "<group>"; };
		370D0B3D1FDCF0B4004263E4 /* Info.plist */ = {isa = PBXFileReference; lastKnownFileType = text.plist.xml; path = Info.plist; sourceTree = "<group>"; };
		370D0B3E1FDCF0B4004263E4 /* main.m */ = {isa = PBXFileReference; lastKnownFileType = sourcecode.c.objc; path = main.m; sourceTree = "<group>"; };
		370D0B451FDD0712004263E4 /* FYTabBarController.h */ = {isa = PBXFileReference; lastKnownFileType = sourcecode.c.h; path = FYTabBarController.h; sourceTree = "<group>"; };
		370D0B461FDD0712004263E4 /* FYTabBarController.m */ = {isa = PBXFileReference; lastKnownFileType = sourcecode.c.objc; path = FYTabBarController.m; sourceTree = "<group>"; };
		370D0B481FDD145D004263E4 /* FYMessageViewController.h */ = {isa = PBXFileReference; lastKnownFileType = sourcecode.c.h; path = FYMessageViewController.h; sourceTree = "<group>"; };
		370D0B491FDD145D004263E4 /* FYMessageViewController.m */ = {isa = PBXFileReference; lastKnownFileType = sourcecode.c.objc; path = FYMessageViewController.m; sourceTree = "<group>"; };
		371FAFC5208F798900B90453 /* uploadModel.h */ = {isa = PBXFileReference; lastKnownFileType = sourcecode.c.h; path = uploadModel.h; sourceTree = "<group>"; };
		371FAFC6208F798900B90453 /* uploadModel.m */ = {isa = PBXFileReference; lastKnownFileType = sourcecode.c.objc; path = uploadModel.m; sourceTree = "<group>"; };
		3722CE12208B3C9900368F05 /* FYMessagePrivateDetailCell.h */ = {isa = PBXFileReference; lastKnownFileType = sourcecode.c.h; path = FYMessagePrivateDetailCell.h; sourceTree = "<group>"; };
		3722CE13208B3C9900368F05 /* FYMessagePrivateDetailCell.m */ = {isa = PBXFileReference; lastKnownFileType = sourcecode.c.objc; path = FYMessagePrivateDetailCell.m; sourceTree = "<group>"; };
		3739CABE1FE2CE8F00CCA000 /* 15.bmp */ = {isa = PBXFileReference; lastKnownFileType = image.bmp; path = 15.bmp; sourceTree = "<group>"; };
		3739CABF1FE2CE8F00CCA000 /* 14.bmp */ = {isa = PBXFileReference; lastKnownFileType = image.bmp; path = 14.bmp; sourceTree = "<group>"; };
		3739CAC01FE2CE8F00CCA000 /* 3.bmp */ = {isa = PBXFileReference; lastKnownFileType = image.bmp; path = 3.bmp; sourceTree = "<group>"; };
		3739CAC11FE2CE8F00CCA000 /* 7.bmp */ = {isa = PBXFileReference; lastKnownFileType = image.bmp; path = 7.bmp; sourceTree = "<group>"; };
		3739CAC21FE2CE8F00CCA000 /* 10.bmp */ = {isa = PBXFileReference; lastKnownFileType = image.bmp; path = 10.bmp; sourceTree = "<group>"; };
		3739CAC31FE2CE8F00CCA000 /* 5.bmp */ = {isa = PBXFileReference; lastKnownFileType = image.bmp; path = 5.bmp; sourceTree = "<group>"; };
		3739CAC41FE2CE8F00CCA000 /* 4.bmp */ = {isa = PBXFileReference; lastKnownFileType = image.bmp; path = 4.bmp; sourceTree = "<group>"; };
		3739CAC51FE2CE8F00CCA000 /* 2.bmp */ = {isa = PBXFileReference; lastKnownFileType = image.bmp; path = 2.bmp; sourceTree = "<group>"; };
		3739CAC61FE2CE8F00CCA000 /* 1.bmp */ = {isa = PBXFileReference; lastKnownFileType = image.bmp; path = 1.bmp; sourceTree = "<group>"; };
		3739CAC71FE2CE9000CCA000 /* 8.bmp */ = {isa = PBXFileReference; lastKnownFileType = image.bmp; path = 8.bmp; sourceTree = "<group>"; };
		3739CAC81FE2CE9000CCA000 /* 6.bmp */ = {isa = PBXFileReference; lastKnownFileType = image.bmp; path = 6.bmp; sourceTree = "<group>"; };
		3739CAC91FE2CE9000CCA000 /* 13.bmp */ = {isa = PBXFileReference; lastKnownFileType = image.bmp; path = 13.bmp; sourceTree = "<group>"; };
		3739CACA1FE2CE9000CCA000 /* 9.bmp */ = {isa = PBXFileReference; lastKnownFileType = image.bmp; path = 9.bmp; sourceTree = "<group>"; };
		3739CACB1FE2CE9000CCA000 /* 12.bmp */ = {isa = PBXFileReference; lastKnownFileType = image.bmp; path = 12.bmp; sourceTree = "<group>"; };
		3739CACC1FE2CE9000CCA000 /* 11.bmp */ = {isa = PBXFileReference; lastKnownFileType = image.bmp; path = 11.bmp; sourceTree = "<group>"; };
		378EC32C205CC5F1003578D3 /* FYUsersCell.h */ = {isa = PBXFileReference; lastKnownFileType = sourcecode.c.h; path = FYUsersCell.h; sourceTree = "<group>"; };
		378EC32D205CC5F1003578D3 /* FYUsersCell.m */ = {isa = PBXFileReference; lastKnownFileType = sourcecode.c.objc; path = FYUsersCell.m; sourceTree = "<group>"; };
		378EC32E205CC5F1003578D3 /* FYUsersCell.xib */ = {isa = PBXFileReference; lastKnownFileType = file.xib; path = FYUsersCell.xib; sourceTree = "<group>"; };
		378EC331205CCEF8003578D3 /* FYScrollView.h */ = {isa = PBXFileReference; lastKnownFileType = sourcecode.c.h; path = FYScrollView.h; sourceTree = "<group>"; };
		378EC332205CCEF8003578D3 /* FYScrollView.m */ = {isa = PBXFileReference; lastKnownFileType = sourcecode.c.objc; path = FYScrollView.m; sourceTree = "<group>"; };
		379FE83020B9B41D0014F55C /* FYAddWorkInfoController.h */ = {isa = PBXFileReference; lastKnownFileType = sourcecode.c.h; path = FYAddWorkInfoController.h; sourceTree = "<group>"; };
		379FE83120B9B41D0014F55C /* FYAddWorkInfoController.m */ = {isa = PBXFileReference; lastKnownFileType = sourcecode.c.objc; path = FYAddWorkInfoController.m; sourceTree = "<group>"; };
		37A2B712206EA641000E0C67 /* FYPersonalCenterHeaderData.h */ = {isa = PBXFileReference; lastKnownFileType = sourcecode.c.h; path = FYPersonalCenterHeaderData.h; sourceTree = "<group>"; };
		37A2B713206EA641000E0C67 /* FYPersonalCenterHeaderData.m */ = {isa = PBXFileReference; lastKnownFileType = sourcecode.c.objc; path = FYPersonalCenterHeaderData.m; sourceTree = "<group>"; };
		37A72B5D206757DB009975E1 /* FYDrawboardCellAdd.h */ = {isa = PBXFileReference; lastKnownFileType = sourcecode.c.h; path = FYDrawboardCellAdd.h; sourceTree = "<group>"; };
		37A72B5E206757DB009975E1 /* FYDrawboardCellAdd.m */ = {isa = PBXFileReference; lastKnownFileType = sourcecode.c.objc; path = FYDrawboardCellAdd.m; sourceTree = "<group>"; };
		37A72B5F206757DB009975E1 /* FYDrawboardCellAdd.xib */ = {isa = PBXFileReference; lastKnownFileType = file.xib; path = FYDrawboardCellAdd.xib; sourceTree = "<group>"; };
		37AAEB51208AF2EE000D5E8D /* FYDetailPrivateViewController.h */ = {isa = PBXFileReference; lastKnownFileType = sourcecode.c.h; path = FYDetailPrivateViewController.h; sourceTree = "<group>"; };
		37AAEB52208AF2EE000D5E8D /* FYDetailPrivateViewController.m */ = {isa = PBXFileReference; lastKnownFileType = sourcecode.c.objc; path = FYDetailPrivateViewController.m; sourceTree = "<group>"; };
		37AEED4E2072911700D64F1A /* FYShowAllFansViewController.h */ = {isa = PBXFileReference; lastKnownFileType = sourcecode.c.h; path = FYShowAllFansViewController.h; sourceTree = "<group>"; };
		37AEED4F2072911700D64F1A /* FYShowAllFansViewController.m */ = {isa = PBXFileReference; lastKnownFileType = sourcecode.c.objc; path = FYShowAllFansViewController.m; sourceTree = "<group>"; };
		37B06DB8207E3CA4009B2AF5 /* FYAbountViewController.h */ = {isa = PBXFileReference; lastKnownFileType = sourcecode.c.h; path = FYAbountViewController.h; sourceTree = "<group>"; };
		37B06DB9207E3CA4009B2AF5 /* FYAbountViewController.m */ = {isa = PBXFileReference; lastKnownFileType = sourcecode.c.objc; path = FYAbountViewController.m; sourceTree = "<group>"; };
		37B2FCDA20640E9F00E86A97 /* FYDrawboardCellUnitData.h */ = {isa = PBXFileReference; lastKnownFileType = sourcecode.c.h; path = FYDrawboardCellUnitData.h; sourceTree = "<group>"; };
		37B2FCDB20640E9F00E86A97 /* FYDrawboardCellUnitData.m */ = {isa = PBXFileReference; lastKnownFileType = sourcecode.c.objc; path = FYDrawboardCellUnitData.m; sourceTree = "<group>"; };
		37B2FCDD2064132C00E86A97 /* FYUserCellData.h */ = {isa = PBXFileReference; lastKnownFileType = sourcecode.c.h; path = FYUserCellData.h; sourceTree = "<group>"; };
		37B2FCDE2064132C00E86A97 /* FYUserCellData.m */ = {isa = PBXFileReference; lastKnownFileType = sourcecode.c.objc; path = FYUserCellData.m; sourceTree = "<group>"; };
		37B4B44C206A8398006BB958 /* UITextView+Placeholder.h */ = {isa = PBXFileReference; lastKnownFileType = sourcecode.c.h; path = "UITextView+Placeholder.h"; sourceTree = "<group>"; };
		37B4B44D206A8398006BB958 /* UITextView+Placeholder.m */ = {isa = PBXFileReference; lastKnownFileType = sourcecode.c.objc; path = "UITextView+Placeholder.m"; sourceTree = "<group>"; };
		37B4C3A0208E31AC0099EDD1 /* MobileCoreServices.framework */ = {isa = PBXFileReference; lastKnownFileType = wrapper.framework; name = MobileCoreServices.framework; path = System/Library/Frameworks/MobileCoreServices.framework; sourceTree = SDKROOT; };
		37B70F622088EB7E00CF7397 /* FYMessagePrivateCell.h */ = {isa = PBXFileReference; lastKnownFileType = sourcecode.c.h; path = FYMessagePrivateCell.h; sourceTree = "<group>"; };
		37B70F632088EB7E00CF7397 /* FYMessagePrivateCell.m */ = {isa = PBXFileReference; lastKnownFileType = sourcecode.c.objc; path = FYMessagePrivateCell.m; sourceTree = "<group>"; };
		37C154072066470E00820E27 /* FYShowAllDrawboardCellViewController.h */ = {isa = PBXFileReference; lastKnownFileType = sourcecode.c.h; path = FYShowAllDrawboardCellViewController.h; sourceTree = "<group>"; };
		37C154082066470E00820E27 /* FYShowAllDrawboardCellViewController.m */ = {isa = PBXFileReference; lastKnownFileType = sourcecode.c.objc; path = FYShowAllDrawboardCellViewController.m; sourceTree = "<group>"; };
		37C1540A2066473B00820E27 /* FYShowAllInterestCellViewController.h */ = {isa = PBXFileReference; lastKnownFileType = sourcecode.c.h; path = FYShowAllInterestCellViewController.h; sourceTree = "<group>"; };
		37C1540B2066473B00820E27 /* FYShowAllInterestCellViewController.m */ = {isa = PBXFileReference; lastKnownFileType = sourcecode.c.objc; path = FYShowAllInterestCellViewController.m; sourceTree = "<group>"; };
		37C1540D2066475500820E27 /* FYShowAllAttentionUserCellViewController.h */ = {isa = PBXFileReference; lastKnownFileType = sourcecode.c.h; path = FYShowAllAttentionUserCellViewController.h; sourceTree = "<group>"; };
		37C1540E2066475500820E27 /* FYShowAllAttentionUserCellViewController.m */ = {isa = PBXFileReference; lastKnownFileType = sourcecode.c.objc; path = FYShowAllAttentionUserCellViewController.m; sourceTree = "<group>"; };
		37ED2080205514B700B664AD /* FYDrawboardCell.h */ = {isa = PBXFileReference; lastKnownFileType = sourcecode.c.h; path = FYDrawboardCell.h; sourceTree = "<group>"; };
		37ED2081205514B700B664AD /* FYDrawboardCell.m */ = {isa = PBXFileReference; lastKnownFileType = sourcecode.c.objc; path = FYDrawboardCell.m; sourceTree = "<group>"; };
		37ED2082205514B700B664AD /* FYDrawboardCell.xib */ = {isa = PBXFileReference; lastKnownFileType = file.xib; path = FYDrawboardCell.xib; sourceTree = "<group>"; };
		37EDBEAD204AA7C400B9A984 /* FYPersonalCenterViewController.h */ = {isa = PBXFileReference; lastKnownFileType = sourcecode.c.h; path = FYPersonalCenterViewController.h; sourceTree = "<group>"; };
		37EDBEAE204AA7C400B9A984 /* FYPersonalCenterViewController.m */ = {isa = PBXFileReference; lastKnownFileType = sourcecode.c.objc; path = FYPersonalCenterViewController.m; sourceTree = "<group>"; };
		37EE18042084F88E0070BD04 /* FYCommentCell.h */ = {isa = PBXFileReference; lastKnownFileType = sourcecode.c.h; path = FYCommentCell.h; sourceTree = "<group>"; };
		37EE18052084F88E0070BD04 /* FYCommentCell.m */ = {isa = PBXFileReference; lastKnownFileType = sourcecode.c.objc; path = FYCommentCell.m; sourceTree = "<group>"; };
		37EEDD61206941B500926C56 /* FYNewDrawboardViewController.h */ = {isa = PBXFileReference; lastKnownFileType = sourcecode.c.h; path = FYNewDrawboardViewController.h; sourceTree = "<group>"; };
		37EEDD62206941B500926C56 /* FYNewDrawboardViewController.m */ = {isa = PBXFileReference; lastKnownFileType = sourcecode.c.objc; path = FYNewDrawboardViewController.m; sourceTree = "<group>"; };
		37EF1C4C2075D2F5007D340E /* FYShowDetailDrawboardViewController.h */ = {isa = PBXFileReference; lastKnownFileType = sourcecode.c.h; path = FYShowDetailDrawboardViewController.h; sourceTree = "<group>"; };
		37EF1C4D2075D2F5007D340E /* FYShowDetailDrawboardViewController.m */ = {isa = PBXFileReference; lastKnownFileType = sourcecode.c.objc; path = FYShowDetailDrawboardViewController.m; sourceTree = "<group>"; };
		37EF1C4F2075F1E3007D340E /* UIView+Frame.h */ = {isa = PBXFileReference; fileEncoding = 4; lastKnownFileType = sourcecode.c.h; path = "UIView+Frame.h"; sourceTree = "<group>"; };
		37EF1C502075F1E3007D340E /* UIView+Frame.m */ = {isa = PBXFileReference; fileEncoding = 4; lastKnownFileType = sourcecode.c.objc; path = "UIView+Frame.m"; sourceTree = "<group>"; };
		37EF3EDB2086557D00E1983A /* FYCommentData.h */ = {isa = PBXFileReference; lastKnownFileType = sourcecode.c.h; path = FYCommentData.h; sourceTree = "<group>"; };
		37EF3EDC2086557D00E1983A /* FYCommentData.m */ = {isa = PBXFileReference; lastKnownFileType = sourcecode.c.objc; path = FYCommentData.m; sourceTree = "<group>"; };
		37EFD59120598A630031CD9B /* FYCollectionView.h */ = {isa = PBXFileReference; lastKnownFileType = sourcecode.c.h; path = FYCollectionView.h; sourceTree = "<group>"; };
		37EFD59220598A630031CD9B /* FYCollectionView.m */ = {isa = PBXFileReference; lastKnownFileType = sourcecode.c.objc; path = FYCollectionView.m; sourceTree = "<group>"; };
		37F01696205C9D58007F39F8 /* FYModuleCell.h */ = {isa = PBXFileReference; lastKnownFileType = sourcecode.c.h; path = FYModuleCell.h; sourceTree = "<group>"; };
		37F01697205C9D58007F39F8 /* FYModuleCell.m */ = {isa = PBXFileReference; lastKnownFileType = sourcecode.c.objc; path = FYModuleCell.m; sourceTree = "<group>"; };
		37F01698205C9D58007F39F8 /* FYModuleCell.xib */ = {isa = PBXFileReference; lastKnownFileType = file.xib; path = FYModuleCell.xib; sourceTree = "<group>"; };
		37F0169B205CA807007F39F8 /* FYInterestingCell.h */ = {isa = PBXFileReference; lastKnownFileType = sourcecode.c.h; path = FYInterestingCell.h; sourceTree = "<group>"; };
		37F0169C205CA807007F39F8 /* FYInterestingCell.m */ = {isa = PBXFileReference; lastKnownFileType = sourcecode.c.objc; path = FYInterestingCell.m; sourceTree = "<group>"; };
		37F0169D205CA807007F39F8 /* FYInterestingCell.xib */ = {isa = PBXFileReference; lastKnownFileType = file.xib; path = FYInterestingCell.xib; sourceTree = "<group>"; };
		37F04DFD20878AC7009B6B24 /* FYMessageDynanicCell.h */ = {isa = PBXFileReference; lastKnownFileType = sourcecode.c.h; path = FYMessageDynanicCell.h; sourceTree = "<group>"; };
		37F04DFE20878AC7009B6B24 /* FYMessageDynanicCell.m */ = {isa = PBXFileReference; lastKnownFileType = sourcecode.c.objc; path = FYMessageDynanicCell.m; sourceTree = "<group>"; };
		37F08A95202732E400429C90 /* FYInterestGroupUnitData.h */ = {isa = PBXFileReference; lastKnownFileType = sourcecode.c.h; path = FYInterestGroupUnitData.h; sourceTree = "<group>"; };
		37F08A96202732E400429C90 /* FYInterestGroupUnitData.m */ = {isa = PBXFileReference; lastKnownFileType = sourcecode.c.objc; path = FYInterestGroupUnitData.m; sourceTree = "<group>"; };
		37F08A9B20275E1E00429C90 /* FYInterestGroupDetailController.h */ = {isa = PBXFileReference; lastKnownFileType = sourcecode.c.h; path = FYInterestGroupDetailController.h; sourceTree = "<group>"; };
		37F08A9C20275E1E00429C90 /* FYInterestGroupDetailController.m */ = {isa = PBXFileReference; lastKnownFileType = sourcecode.c.objc; path = FYInterestGroupDetailController.m; sourceTree = "<group>"; };
		37F097C72056D554004D34D8 /* FYDrawboardViewController.h */ = {isa = PBXFileReference; lastKnownFileType = sourcecode.c.h; path = FYDrawboardViewController.h; sourceTree = "<group>"; };
		37F097C82056D554004D34D8 /* FYDrawboardViewController.m */ = {isa = PBXFileReference; lastKnownFileType = sourcecode.c.objc; path = FYDrawboardViewController.m; sourceTree = "<group>"; };
		37F097CE2056D5CB004D34D8 /* FYCollectionViewController.h */ = {isa = PBXFileReference; lastKnownFileType = sourcecode.c.h; path = FYCollectionViewController.h; sourceTree = "<group>"; };
		37F097CF2056D5CB004D34D8 /* FYCollectionViewController.m */ = {isa = PBXFileReference; lastKnownFileType = sourcecode.c.objc; path = FYCollectionViewController.m; sourceTree = "<group>"; };
		37F097D12056D5EA004D34D8 /* FYLikeViewController.h */ = {isa = PBXFileReference; lastKnownFileType = sourcecode.c.h; path = FYLikeViewController.h; sourceTree = "<group>"; };
		37F097D22056D5EA004D34D8 /* FYLikeViewController.m */ = {isa = PBXFileReference; lastKnownFileType = sourcecode.c.objc; path = FYLikeViewController.m; sourceTree = "<group>"; };
		37F097D42056D607004D34D8 /* FYAttentionViewController.h */ = {isa = PBXFileReference; lastKnownFileType = sourcecode.c.h; path = FYAttentionViewController.h; sourceTree = "<group>"; };
		37F097D52056D607004D34D8 /* FYAttentionViewController.m */ = {isa = PBXFileReference; lastKnownFileType = sourcecode.c.objc; path = FYAttentionViewController.m; sourceTree = "<group>"; };
		37F099F62045B00A00C8028C /* FYInterestGroupDetailData.h */ = {isa = PBXFileReference; lastKnownFileType = sourcecode.c.h; path = FYInterestGroupDetailData.h; sourceTree = "<group>"; };
		37F099F72045B00A00C8028C /* FYInterestGroupDetailData.m */ = {isa = PBXFileReference; lastKnownFileType = sourcecode.c.objc; path = FYInterestGroupDetailData.m; sourceTree = "<group>"; };
		37F0AED3208346FC000B5F0D /* FYClickForwardViewController.h */ = {isa = PBXFileReference; lastKnownFileType = sourcecode.c.h; path = FYClickForwardViewController.h; sourceTree = "<group>"; };
		37F0AED4208346FC000B5F0D /* FYClickForwardViewController.m */ = {isa = PBXFileReference; lastKnownFileType = sourcecode.c.objc; path = FYClickForwardViewController.m; sourceTree = "<group>"; };
		37F0AED62083A411000B5F0D /* FYClickCommentViewController.h */ = {isa = PBXFileReference; lastKnownFileType = sourcecode.c.h; path = FYClickCommentViewController.h; sourceTree = "<group>"; };
		37F0AED72083A411000B5F0D /* FYClickCommentViewController.m */ = {isa = PBXFileReference; lastKnownFileType = sourcecode.c.objc; path = FYClickCommentViewController.m; sourceTree = "<group>"; };
		37F1D6512000FB8B00709D37 /* FYLoginRegisterController.xib */ = {isa = PBXFileReference; fileEncoding = 4; lastKnownFileType = file.xib; path = FYLoginRegisterController.xib; sourceTree = "<group>"; };
		37F1D6542000FB8B00709D37 /* FYLoginRegisterController.m */ = {isa = PBXFileReference; fileEncoding = 4; lastKnownFileType = sourcecode.c.objc; path = FYLoginRegisterController.m; sourceTree = "<group>"; };
		37F1D6562000FB8B00709D37 /* FYLoginRegisterController.h */ = {isa = PBXFileReference; fileEncoding = 4; lastKnownFileType = sourcecode.c.h; path = FYLoginRegisterController.h; sourceTree = "<group>"; };
		37F1D65B2000FBFD00709D37 /* FYLoginRegisterView.h */ = {isa = PBXFileReference; fileEncoding = 4; lastKnownFileType = sourcecode.c.h; path = FYLoginRegisterView.h; sourceTree = "<group>"; };
		37F1D65C2000FBFD00709D37 /* FYLoginRegisterView.m */ = {isa = PBXFileReference; fileEncoding = 4; lastKnownFileType = sourcecode.c.objc; path = FYLoginRegisterView.m; sourceTree = "<group>"; };
		37F1D65D2000FBFD00709D37 /* FYLoginRegisterView.xib */ = {isa = PBXFileReference; fileEncoding = 4; lastKnownFileType = file.xib; path = FYLoginRegisterView.xib; sourceTree = "<group>"; };
		37F2100320774E6C00E13DD4 /* FYDetailDrawboardColleCell.h */ = {isa = PBXFileReference; lastKnownFileType = sourcecode.c.h; path = FYDetailDrawboardColleCell.h; sourceTree = "<group>"; };
		37F2100420774E6C00E13DD4 /* FYDetailDrawboardColleCell.m */ = {isa = PBXFileReference; lastKnownFileType = sourcecode.c.objc; path = FYDetailDrawboardColleCell.m; sourceTree = "<group>"; };
		37F2100520774E6C00E13DD4 /* FYDetailDrawboardColleCell.xib */ = {isa = PBXFileReference; lastKnownFileType = file.xib; path = FYDetailDrawboardColleCell.xib; sourceTree = "<group>"; };
		37F21391207D0D7200271C90 /* FYSettingsViewController.h */ = {isa = PBXFileReference; lastKnownFileType = sourcecode.c.h; path = FYSettingsViewController.h; sourceTree = "<group>"; };
		37F21392207D0D7200271C90 /* FYSettingsViewController.m */ = {isa = PBXFileReference; lastKnownFileType = sourcecode.c.objc; path = FYSettingsViewController.m; sourceTree = "<group>"; };
		37F2314520819DBA00BFDCD4 /* FYClickLikeViewController.h */ = {isa = PBXFileReference; lastKnownFileType = sourcecode.c.h; path = FYClickLikeViewController.h; sourceTree = "<group>"; };
		37F2314620819DBA00BFDCD4 /* FYClickLikeViewController.m */ = {isa = PBXFileReference; lastKnownFileType = sourcecode.c.objc; path = FYClickLikeViewController.m; sourceTree = "<group>"; };
		37F2314B2082051E00BFDCD4 /* FYSelectDrawNameViewController.h */ = {isa = PBXFileReference; lastKnownFileType = sourcecode.c.h; path = FYSelectDrawNameViewController.h; sourceTree = "<group>"; };
		37F2314C2082051E00BFDCD4 /* FYSelectDrawNameViewController.m */ = {isa = PBXFileReference; lastKnownFileType = sourcecode.c.objc; path = FYSelectDrawNameViewController.m; sourceTree = "<group>"; };
		37F28E5820142A75003B07BD /* FYDetailInfoController.h */ = {isa = PBXFileReference; lastKnownFileType = sourcecode.c.h; path = FYDetailInfoController.h; sourceTree = "<group>"; };
		37F28E5920142A75003B07BD /* FYDetailInfoController.m */ = {isa = PBXFileReference; lastKnownFileType = sourcecode.c.objc; path = FYDetailInfoController.m; sourceTree = "<group>"; };
		37F4DB7D202B5EC80034E23F /* FYDisplayCell.xib */ = {isa = PBXFileReference; fileEncoding = 4; lastKnownFileType = file.xib; path = FYDisplayCell.xib; sourceTree = "<group>"; };
		37F65228201B838500B036C1 /* FYWorksUnitData.h */ = {isa = PBXFileReference; lastKnownFileType = sourcecode.c.h; path = FYWorksUnitData.h; sourceTree = "<group>"; };
		37F65229201B838500B036C1 /* FYWorksUnitData.m */ = {isa = PBXFileReference; lastKnownFileType = sourcecode.c.objc; path = FYWorksUnitData.m; sourceTree = "<group>"; };
		37F7B9D31FE6115E00756CA7 /* 0.bmp */ = {isa = PBXFileReference; lastKnownFileType = image.bmp; path = 0.bmp; sourceTree = "<group>"; };
		37F7B9D51FE62F5C00756CA7 /* FYDisplayCell.h */ = {isa = PBXFileReference; lastKnownFileType = sourcecode.c.h; path = FYDisplayCell.h; sourceTree = "<group>"; };
		37F7B9D61FE62F5C00756CA7 /* FYDisplayCell.m */ = {isa = PBXFileReference; lastKnownFileType = sourcecode.c.objc; path = FYDisplayCell.m; sourceTree = "<group>"; };
		37FCF4B420023C2A00C955E9 /* CommonAttr.h */ = {isa = PBXFileReference; lastKnownFileType = sourcecode.c.h; path = CommonAttr.h; sourceTree = "<group>"; };
		37FDCEF71FDED6E90031BFC2 /* FYCollectionViewWaterFallLayout.h */ = {isa = PBXFileReference; lastKnownFileType = sourcecode.c.h; path = FYCollectionViewWaterFallLayout.h; sourceTree = "<group>"; };
		37FDCEF81FDED6E90031BFC2 /* FYCollectionViewWaterFallLayout.m */ = {isa = PBXFileReference; lastKnownFileType = sourcecode.c.objc; path = FYCollectionViewWaterFallLayout.m; sourceTree = "<group>"; };
		83B1FC4707534494389B422C /* Pods-FengYe.release.xcconfig */ = {isa = PBXFileReference; includeInIndex = 1; lastKnownFileType = text.xcconfig; name = "Pods-FengYe.release.xcconfig"; path = "Pods/Target Support Files/Pods-FengYe/Pods-FengYe.release.xcconfig"; sourceTree = "<group>"; };
		DC52981DBA3D771F5837D53B /* libPods-FengYe.a */ = {isa = PBXFileReference; explicitFileType = archive.ar; includeInIndex = 0; path = "libPods-FengYe.a"; sourceTree = BUILT_PRODUCTS_DIR; };
		E0FBE52D7EABD327D8882E37 /* Pods-FengYe.debug.xcconfig */ = {isa = PBXFileReference; includeInIndex = 1; lastKnownFileType = text.xcconfig; name = "Pods-FengYe.debug.xcconfig"; path = "Pods/Target Support Files/Pods-FengYe/Pods-FengYe.debug.xcconfig"; sourceTree = "<group>"; };
/* End PBXFileReference section */

/* Begin PBXFrameworksBuildPhase section */
		370D0B261FDCF0B4004263E4 /* Frameworks */ = {
			isa = PBXFrameworksBuildPhase;
			buildActionMask = 2147483647;
			files = (
				37B4C3A1208E31BC0099EDD1 /* MobileCoreServices.framework in Frameworks */,
				057E2BC048E57A7A601C6C09 /* libPods-FengYe.a in Frameworks */,
			);
			runOnlyForDeploymentPostprocessing = 0;
		};
/* End PBXFrameworksBuildPhase section */

/* Begin PBXGroup section */
		370D0B201FDCF0B4004263E4 = {
			isa = PBXGroup;
			children = (
				370D0B2B1FDCF0B4004263E4 /* FengYe */,
				370D0B2A1FDCF0B4004263E4 /* Products */,
				986E58E3430CB1BD37691BAB /* Pods */,
				4A7E71903881BE8D506F3BCD /* Frameworks */,
			);
			sourceTree = "<group>";
		};
		370D0B2A1FDCF0B4004263E4 /* Products */ = {
			isa = PBXGroup;
			children = (
				370D0B291FDCF0B4004263E4 /* FengYe.app */,
			);
			name = Products;
			sourceTree = "<group>";
		};
		370D0B2B1FDCF0B4004263E4 /* FengYe */ = {
			isa = PBXGroup;
			children = (
				3739CA9F1FE2CDB400CCA000 /* TestImage */,
				370D0B521FDD14D2004263E4 /* Delegate */,
				370D0B531FDD152E004263E4 /* Common */,
				370D0B4F1FDD14A4004263E4 /* Recommemd */,
				370D0B4E1FDD1494004263E4 /* Discover */,
				370D0B501FDD14B1004263E4 /* Message */,
				370D0B511FDD14BB004263E4 /* PersonalCenter */,
				370D0B351FDCF0B4004263E4 /* Main.storyboard */,
				370D0B381FDCF0B4004263E4 /* Assets.xcassets */,
				370D0B3A1FDCF0B4004263E4 /* LaunchScreen.storyboard */,
				370D0B3D1FDCF0B4004263E4 /* Info.plist */,
				370D0B3E1FDCF0B4004263E4 /* main.m */,
			);
			path = FengYe;
			sourceTree = "<group>";
		};
		370D0B4E1FDD1494004263E4 /* Discover */ = {
			isa = PBXGroup;
			children = (
				370D0B321FDCF0B4004263E4 /* FYDiscoverViewController.h */,
				370D0B331FDCF0B4004263E4 /* FYDiscoverViewController.m */,
			);
			path = Discover;
			sourceTree = "<group>";
		};
		370D0B4F1FDD14A4004263E4 /* Recommemd */ = {
			isa = PBXGroup;
			children = (
				370D0B2F1FDCF0B4004263E4 /* FYRecommendViewController.h */,
				370D0B301FDCF0B4004263E4 /* FYRecommendViewController.m */,
			);
			path = Recommemd;
			sourceTree = "<group>";
		};
		370D0B501FDD14B1004263E4 /* Message */ = {
			isa = PBXGroup;
			children = (
				37AAEB51208AF2EE000D5E8D /* FYDetailPrivateViewController.h */,
				37AAEB52208AF2EE000D5E8D /* FYDetailPrivateViewController.m */,
				37F04DFC20878994009B6B24 /* View */,
				370D0B481FDD145D004263E4 /* FYMessageViewController.h */,
				370D0B491FDD145D004263E4 /* FYMessageViewController.m */,
			);
			path = Message;
			sourceTree = "<group>";
		};
		370D0B511FDD14BB004263E4 /* PersonalCenter */ = {
			isa = PBXGroup;
			children = (
				37B06DB7207E3C6E009B2AF5 /* Nav */,
				37EDBEAD204AA7C400B9A984 /* FYPersonalCenterViewController.h */,
				37EDBEAE204AA7C400B9A984 /* FYPersonalCenterViewController.m */,
				37AF7C892073B9F600EB2B75 /* HeadSec */,
				37B2FCD920640DD000E86A97 /* Model */,
				37F097C62056D4FE004D34D8 /* Controller */,
				37F097C52056D4F1004D34D8 /* View */,
			);
			path = PersonalCenter;
			sourceTree = "<group>";
		};
		370D0B521FDD14D2004263E4 /* Delegate */ = {
			isa = PBXGroup;
			children = (
				370D0B2C1FDCF0B4004263E4 /* AppDelegate.h */,
				370D0B2D1FDCF0B4004263E4 /* AppDelegate.m */,
			);
			path = Delegate;
			sourceTree = "<group>";
		};
		370D0B531FDD152E004263E4 /* Common */ = {
			isa = PBXGroup;
			children = (
				37B4B445206A81B9006BB958 /* Category */,
				37F08A942027321300429C90 /* Root */,
				37F08A93202731F900429C90 /* View */,
				37F08A92202731D200429C90 /* Controller */,
				37F65227201B835500B036C1 /* Model */,
				37F28E56201426BA003B07BD /* CustomLayout */,
				37F1D6502000FB6300709D37 /* LoginRegister */,
				37FCF4B420023C2A00C955E9 /* CommonAttr.h */,
			);
			path = Common;
			sourceTree = "<group>";
		};
		371FAFC4208F795F00B90453 /* Model */ = {
			isa = PBXGroup;
			children = (
				371FAFC5208F798900B90453 /* uploadModel.h */,
				371FAFC6208F798900B90453 /* uploadModel.m */,
			);
			path = Model;
			sourceTree = "<group>";
		};
		3739CA9F1FE2CDB400CCA000 /* TestImage */ = {
			isa = PBXGroup;
			children = (
				37F7B9D31FE6115E00756CA7 /* 0.bmp */,
				3739CAC61FE2CE8F00CCA000 /* 1.bmp */,
				3739CAC51FE2CE8F00CCA000 /* 2.bmp */,
				3739CAC01FE2CE8F00CCA000 /* 3.bmp */,
				3739CAC41FE2CE8F00CCA000 /* 4.bmp */,
				3739CAC31FE2CE8F00CCA000 /* 5.bmp */,
				3739CAC81FE2CE9000CCA000 /* 6.bmp */,
				3739CAC11FE2CE8F00CCA000 /* 7.bmp */,
				3739CAC71FE2CE9000CCA000 /* 8.bmp */,
				3739CACA1FE2CE9000CCA000 /* 9.bmp */,
				3739CAC21FE2CE8F00CCA000 /* 10.bmp */,
				3739CACC1FE2CE9000CCA000 /* 11.bmp */,
				3739CACB1FE2CE9000CCA000 /* 12.bmp */,
				3739CAC91FE2CE9000CCA000 /* 13.bmp */,
				3739CABF1FE2CE8F00CCA000 /* 14.bmp */,
				3739CABE1FE2CE8F00CCA000 /* 15.bmp */,
			);
			path = TestImage;
			sourceTree = "<group>";
		};
		37AF7C892073B9F600EB2B75 /* HeadSec */ = {
			isa = PBXGroup;
			children = (
				37AF7C8A2073BC3A00EB2B75 /* Model */,
				37AEED4E2072911700D64F1A /* FYShowAllFansViewController.h */,
				37AEED4F2072911700D64F1A /* FYShowAllFansViewController.m */,
			);
			path = HeadSec;
			sourceTree = "<group>";
		};
		37AF7C8A2073BC3A00EB2B75 /* Model */ = {
			isa = PBXGroup;
			children = (
				37A2B712206EA641000E0C67 /* FYPersonalCenterHeaderData.h */,
				37A2B713206EA641000E0C67 /* FYPersonalCenterHeaderData.m */,
			);
			path = Model;
			sourceTree = "<group>";
		};
		37B06DB7207E3C6E009B2AF5 /* Nav */ = {
			isa = PBXGroup;
			children = (
				37F21391207D0D7200271C90 /* FYSettingsViewController.h */,
				37F21392207D0D7200271C90 /* FYSettingsViewController.m */,
				37B06DB8207E3CA4009B2AF5 /* FYAbountViewController.h */,
				37B06DB9207E3CA4009B2AF5 /* FYAbountViewController.m */,
			);
			path = Nav;
			sourceTree = "<group>";
		};
		37B2FCD920640DD000E86A97 /* Model */ = {
			isa = PBXGroup;
			children = (
				37B2FCDA20640E9F00E86A97 /* FYDrawboardCellUnitData.h */,
				37B2FCDB20640E9F00E86A97 /* FYDrawboardCellUnitData.m */,
				37B2FCDD2064132C00E86A97 /* FYUserCellData.h */,
				37B2FCDE2064132C00E86A97 /* FYUserCellData.m */,
			);
			path = Model;
			sourceTree = "<group>";
		};
		37B4B445206A81B9006BB958 /* Category */ = {
			isa = PBXGroup;
			children = (
				37EF1C4F2075F1E3007D340E /* UIView+Frame.h */,
				37EF1C502075F1E3007D340E /* UIView+Frame.m */,
				37B4B44C206A8398006BB958 /* UITextView+Placeholder.h */,
				37B4B44D206A8398006BB958 /* UITextView+Placeholder.m */,
			);
			path = Category;
			sourceTree = "<group>";
		};
		37C154032066468700820E27 /* Controller */ = {
			isa = PBXGroup;
			children = (
				37C1540A2066473B00820E27 /* FYShowAllInterestCellViewController.h */,
				37C1540B2066473B00820E27 /* FYShowAllInterestCellViewController.m */,
				37C154072066470E00820E27 /* FYShowAllDrawboardCellViewController.h */,
				37C154082066470E00820E27 /* FYShowAllDrawboardCellViewController.m */,
				37C1540D2066475500820E27 /* FYShowAllAttentionUserCellViewController.h */,
				37C1540E2066475500820E27 /* FYShowAllAttentionUserCellViewController.m */,
			);
			path = Controller;
			sourceTree = "<group>";
		};
		37EF3EDA2086553500E1983A /* Model */ = {
			isa = PBXGroup;
			children = (
				37EF3EDB2086557D00E1983A /* FYCommentData.h */,
				37EF3EDC2086557D00E1983A /* FYCommentData.m */,
			);
			path = Model;
			sourceTree = "<group>";
		};
		37F04DFB208788C1009B6B24 /* View */ = {
			isa = PBXGroup;
			children = (
				37EE18042084F88E0070BD04 /* FYCommentCell.h */,
				37EE18052084F88E0070BD04 /* FYCommentCell.m */,
			);
			path = View;
			sourceTree = "<group>";
		};
		37F04DFC20878994009B6B24 /* View */ = {
			isa = PBXGroup;
			children = (
				37F04DFD20878AC7009B6B24 /* FYMessageDynanicCell.h */,
				37F04DFE20878AC7009B6B24 /* FYMessageDynanicCell.m */,
				37B70F622088EB7E00CF7397 /* FYMessagePrivateCell.h */,
				37B70F632088EB7E00CF7397 /* FYMessagePrivateCell.m */,
				3722CE12208B3C9900368F05 /* FYMessagePrivateDetailCell.h */,
				3722CE13208B3C9900368F05 /* FYMessagePrivateDetailCell.m */,
			);
			path = View;
			sourceTree = "<group>";
		};
		37F08A92202731D200429C90 /* Controller */ = {
			isa = PBXGroup;
			children = (
				37F2314420819D7800BFDCD4 /* OperViewController */,
				37F28E5820142A75003B07BD /* FYDetailInfoController.h */,
				37F28E5920142A75003B07BD /* FYDetailInfoController.m */,
				379FE83020B9B41D0014F55C /* FYAddWorkInfoController.h */,
				379FE83120B9B41D0014F55C /* FYAddWorkInfoController.m */,
				37F08A9B20275E1E00429C90 /* FYInterestGroupDetailController.h */,
				37F08A9C20275E1E00429C90 /* FYInterestGroupDetailController.m */,
				37F2314B2082051E00BFDCD4 /* FYSelectDrawNameViewController.h */,
				37F2314C2082051E00BFDCD4 /* FYSelectDrawNameViewController.m */,
			);
			path = Controller;
			sourceTree = "<group>";
		};
		37F08A93202731F900429C90 /* View */ = {
			isa = PBXGroup;
			children = (
				37F4DB7D202B5EC80034E23F /* FYDisplayCell.xib */,
				37F7B9D51FE62F5C00756CA7 /* FYDisplayCell.h */,
				37F7B9D61FE62F5C00756CA7 /* FYDisplayCell.m */,
				37ED2080205514B700B664AD /* FYDrawboardCell.h */,
				37ED2081205514B700B664AD /* FYDrawboardCell.m */,
				37ED2082205514B700B664AD /* FYDrawboardCell.xib */,
				37A72B5D206757DB009975E1 /* FYDrawboardCellAdd.h */,
				37A72B5E206757DB009975E1 /* FYDrawboardCellAdd.m */,
				37A72B5F206757DB009975E1 /* FYDrawboardCellAdd.xib */,
			);
			path = View;
			sourceTree = "<group>";
		};
		37F08A942027321300429C90 /* Root */ = {
			isa = PBXGroup;
			children = (
				370D0B451FDD0712004263E4 /* FYTabBarController.h */,
				370D0B461FDD0712004263E4 /* FYTabBarController.m */,
			);
			path = Root;
			sourceTree = "<group>";
		};
		37F097C52056D4F1004D34D8 /* View */ = {
			isa = PBXGroup;
			children = (
				37EFD59120598A630031CD9B /* FYCollectionView.h */,
				37EFD59220598A630031CD9B /* FYCollectionView.m */,
				37F01696205C9D58007F39F8 /* FYModuleCell.h */,
				37F01697205C9D58007F39F8 /* FYModuleCell.m */,
				37F01698205C9D58007F39F8 /* FYModuleCell.xib */,
				37F0169B205CA807007F39F8 /* FYInterestingCell.h */,
				37F0169C205CA807007F39F8 /* FYInterestingCell.m */,
				37F0169D205CA807007F39F8 /* FYInterestingCell.xib */,
				378EC32C205CC5F1003578D3 /* FYUsersCell.h */,
				378EC32D205CC5F1003578D3 /* FYUsersCell.m */,
				378EC32E205CC5F1003578D3 /* FYUsersCell.xib */,
				378EC331205CCEF8003578D3 /* FYScrollView.h */,
				378EC332205CCEF8003578D3 /* FYScrollView.m */,
			);
			path = View;
			sourceTree = "<group>";
		};
		37F097C62056D4FE004D34D8 /* Controller */ = {
			isa = PBXGroup;
			children = (
				37F097CA2056D55B004D34D8 /* Drawboard */,
				37F097CB2056D56C004D34D8 /* Collection */,
				37F097CC2056D580004D34D8 /* Like */,
				37F097CD2056D585004D34D8 /* Attention */,
			);
			path = Controller;
			sourceTree = "<group>";
		};
		37F097CA2056D55B004D34D8 /* Drawboard */ = {
			isa = PBXGroup;
			children = (
				371FAFC4208F795F00B90453 /* Model */,
				37F2100820774E7100E13DD4 /* View */,
				37F097C72056D554004D34D8 /* FYDrawboardViewController.h */,
				37F097C82056D554004D34D8 /* FYDrawboardViewController.m */,
				37EEDD61206941B500926C56 /* FYNewDrawboardViewController.h */,
				37EEDD62206941B500926C56 /* FYNewDrawboardViewController.m */,
				37EF1C4C2075D2F5007D340E /* FYShowDetailDrawboardViewController.h */,
				37EF1C4D2075D2F5007D340E /* FYShowDetailDrawboardViewController.m */,
			);
			path = Drawboard;
			sourceTree = "<group>";
		};
		37F097CB2056D56C004D34D8 /* Collection */ = {
			isa = PBXGroup;
			children = (
				37F097CE2056D5CB004D34D8 /* FYCollectionViewController.h */,
				37F097CF2056D5CB004D34D8 /* FYCollectionViewController.m */,
			);
			path = Collection;
			sourceTree = "<group>";
		};
		37F097CC2056D580004D34D8 /* Like */ = {
			isa = PBXGroup;
			children = (
				37F097D12056D5EA004D34D8 /* FYLikeViewController.h */,
				37F097D22056D5EA004D34D8 /* FYLikeViewController.m */,
			);
			path = Like;
			sourceTree = "<group>";
		};
		37F097CD2056D585004D34D8 /* Attention */ = {
			isa = PBXGroup;
			children = (
				37C154032066468700820E27 /* Controller */,
				37F097D42056D607004D34D8 /* FYAttentionViewController.h */,
				37F097D52056D607004D34D8 /* FYAttentionViewController.m */,
			);
			path = Attention;
			sourceTree = "<group>";
		};
		37F1D6502000FB6300709D37 /* LoginRegister */ = {
			isa = PBXGroup;
			children = (
				37F1D65D2000FBFD00709D37 /* FYLoginRegisterView.xib */,
				37F1D65B2000FBFD00709D37 /* FYLoginRegisterView.h */,
				37F1D65C2000FBFD00709D37 /* FYLoginRegisterView.m */,
				37F1D6562000FB8B00709D37 /* FYLoginRegisterController.h */,
				37F1D6542000FB8B00709D37 /* FYLoginRegisterController.m */,
				37F1D6512000FB8B00709D37 /* FYLoginRegisterController.xib */,
			);
			path = LoginRegister;
			sourceTree = "<group>";
		};
		37F2100820774E7100E13DD4 /* View */ = {
			isa = PBXGroup;
			children = (
				37F2100320774E6C00E13DD4 /* FYDetailDrawboardColleCell.h */,
				37F2100420774E6C00E13DD4 /* FYDetailDrawboardColleCell.m */,
				37F2100520774E6C00E13DD4 /* FYDetailDrawboardColleCell.xib */,
			);
			path = View;
			sourceTree = "<group>";
		};
		37F2314420819D7800BFDCD4 /* OperViewController */ = {
			isa = PBXGroup;
			children = (
				37F04DFB208788C1009B6B24 /* View */,
				37EF3EDA2086553500E1983A /* Model */,
				37F2314520819DBA00BFDCD4 /* FYClickLikeViewController.h */,
				37F2314620819DBA00BFDCD4 /* FYClickLikeViewController.m */,
				37F0AED3208346FC000B5F0D /* FYClickForwardViewController.h */,
				37F0AED4208346FC000B5F0D /* FYClickForwardViewController.m */,
				37F0AED62083A411000B5F0D /* FYClickCommentViewController.h */,
				37F0AED72083A411000B5F0D /* FYClickCommentViewController.m */,
			);
			path = OperViewController;
			sourceTree = "<group>";
		};
		37F28E56201426BA003B07BD /* CustomLayout */ = {
			isa = PBXGroup;
			children = (
				37FDCEF71FDED6E90031BFC2 /* FYCollectionViewWaterFallLayout.h */,
				37FDCEF81FDED6E90031BFC2 /* FYCollectionViewWaterFallLayout.m */,
			);
			path = CustomLayout;
			sourceTree = "<group>";
		};
		37F65227201B835500B036C1 /* Model */ = {
			isa = PBXGroup;
			children = (
				37F65228201B838500B036C1 /* FYWorksUnitData.h */,
				37F65229201B838500B036C1 /* FYWorksUnitData.m */,
				37F08A95202732E400429C90 /* FYInterestGroupUnitData.h */,
				37F08A96202732E400429C90 /* FYInterestGroupUnitData.m */,
				37F099F62045B00A00C8028C /* FYInterestGroupDetailData.h */,
				37F099F72045B00A00C8028C /* FYInterestGroupDetailData.m */,
			);
			path = Model;
			sourceTree = "<group>";
		};
		4A7E71903881BE8D506F3BCD /* Frameworks */ = {
			isa = PBXGroup;
			children = (
				37B4C3A0208E31AC0099EDD1 /* MobileCoreServices.framework */,
				DC52981DBA3D771F5837D53B /* libPods-FengYe.a */,
			);
			name = Frameworks;
			sourceTree = "<group>";
		};
		986E58E3430CB1BD37691BAB /* Pods */ = {
			isa = PBXGroup;
			children = (
				E0FBE52D7EABD327D8882E37 /* Pods-FengYe.debug.xcconfig */,
				83B1FC4707534494389B422C /* Pods-FengYe.release.xcconfig */,
			);
			name = Pods;
			sourceTree = "<group>";
		};
/* End PBXGroup section */

/* Begin PBXNativeTarget section */
		370D0B281FDCF0B4004263E4 /* FengYe */ = {
			isa = PBXNativeTarget;
			buildConfigurationList = 370D0B421FDCF0B4004263E4 /* Build configuration list for PBXNativeTarget "FengYe" */;
			buildPhases = (
				B7CFDE59ADEB72E199002D21 /* [CP] Check Pods Manifest.lock */,
				370D0B251FDCF0B4004263E4 /* Sources */,
				370D0B261FDCF0B4004263E4 /* Frameworks */,
				370D0B271FDCF0B4004263E4 /* Resources */,
				F7587353F162ABE7F40D508E /* [CP] Embed Pods Frameworks */,
				2307360B240A04B806A5E108 /* [CP] Copy Pods Resources */,
			);
			buildRules = (
			);
			dependencies = (
			);
			name = FengYe;
			productName = FengYe;
			productReference = 370D0B291FDCF0B4004263E4 /* FengYe.app */;
			productType = "com.apple.product-type.application";
		};
/* End PBXNativeTarget section */

/* Begin PBXProject section */
		370D0B211FDCF0B4004263E4 /* Project object */ = {
			isa = PBXProject;
			attributes = {
				LastUpgradeCheck = 0910;
				ORGANIZATIONNAME = "Alan Turing";
				TargetAttributes = {
					370D0B281FDCF0B4004263E4 = {
						CreatedOnToolsVersion = 9.1;
						ProvisioningStyle = Automatic;
					};
				};
			};
			buildConfigurationList = 370D0B241FDCF0B4004263E4 /* Build configuration list for PBXProject "FengYe" */;
			compatibilityVersion = "Xcode 8.0";
			developmentRegion = en;
			hasScannedForEncodings = 0;
			knownRegions = (
				en,
				Base,
			);
			mainGroup = 370D0B201FDCF0B4004263E4;
			productRefGroup = 370D0B2A1FDCF0B4004263E4 /* Products */;
			projectDirPath = "";
			projectRoot = "";
			targets = (
				370D0B281FDCF0B4004263E4 /* FengYe */,
			);
		};
/* End PBXProject section */

/* Begin PBXResourcesBuildPhase section */
		370D0B271FDCF0B4004263E4 /* Resources */ = {
			isa = PBXResourcesBuildPhase;
			buildActionMask = 2147483647;
			files = (
				3739CAD51FE2CE9000CCA000 /* 1.bmp in Resources */,
				378EC330205CC5F1003578D3 /* FYUsersCell.xib in Resources */,
				37F2100720774E6C00E13DD4 /* FYDetailDrawboardColleCell.xib in Resources */,
				3739CAD41FE2CE9000CCA000 /* 2.bmp in Resources */,
				3739CAD31FE2CE9000CCA000 /* 4.bmp in Resources */,
				37F0169F205CA807007F39F8 /* FYInterestingCell.xib in Resources */,
				3739CACD1FE2CE9000CCA000 /* 15.bmp in Resources */,
				3739CADA1FE2CE9000CCA000 /* 12.bmp in Resources */,
				3739CAD01FE2CE9000CCA000 /* 7.bmp in Resources */,
				3739CACE1FE2CE9000CCA000 /* 14.bmp in Resources */,
				37F1D6572000FB8B00709D37 /* FYLoginRegisterController.xib in Resources */,
				37ED2084205514B700B664AD /* FYDrawboardCell.xib in Resources */,
				3739CAD91FE2CE9000CCA000 /* 9.bmp in Resources */,
				3739CAD81FE2CE9000CCA000 /* 13.bmp in Resources */,
				3739CADB1FE2CE9000CCA000 /* 11.bmp in Resources */,
				370D0B3C1FDCF0B4004263E4 /* LaunchScreen.storyboard in Resources */,
				37F1D65F2000FBFD00709D37 /* FYLoginRegisterView.xib in Resources */,
				3739CACF1FE2CE9000CCA000 /* 3.bmp in Resources */,
				3739CAD11FE2CE9000CCA000 /* 10.bmp in Resources */,
				37F7B9D41FE6115E00756CA7 /* 0.bmp in Resources */,
				370D0B391FDCF0B4004263E4 /* Assets.xcassets in Resources */,
				370D0B371FDCF0B4004263E4 /* Main.storyboard in Resources */,
				37A72B61206757DB009975E1 /* FYDrawboardCellAdd.xib in Resources */,
				3739CAD71FE2CE9000CCA000 /* 6.bmp in Resources */,
				3739CAD61FE2CE9000CCA000 /* 8.bmp in Resources */,
				3739CAD21FE2CE9000CCA000 /* 5.bmp in Resources */,
				37F0169A205C9D58007F39F8 /* FYModuleCell.xib in Resources */,
				37F4DB7E202B5EC80034E23F /* FYDisplayCell.xib in Resources */,
			);
			runOnlyForDeploymentPostprocessing = 0;
		};
/* End PBXResourcesBuildPhase section */

/* Begin PBXShellScriptBuildPhase section */
		2307360B240A04B806A5E108 /* [CP] Copy Pods Resources */ = {
			isa = PBXShellScriptBuildPhase;
			buildActionMask = 2147483647;
			files = (
			);
			inputPaths = (
				"${SRCROOT}/Pods/Target Support Files/Pods-FengYe/Pods-FengYe-resources.sh",
				"${PODS_ROOT}/MJRefresh/MJRefresh/MJRefresh.bundle",
				"${PODS_ROOT}/SVProgressHUD/SVProgressHUD/SVProgressHUD.bundle",
			);
			name = "[CP] Copy Pods Resources";
			outputPaths = (
				"${TARGET_BUILD_DIR}/${UNLOCALIZED_RESOURCES_FOLDER_PATH}",
			);
			runOnlyForDeploymentPostprocessing = 0;
			shellPath = /bin/sh;
			shellScript = "\"${SRCROOT}/Pods/Target Support Files/Pods-FengYe/Pods-FengYe-resources.sh\"\n";
			showEnvVarsInLog = 0;
		};
		B7CFDE59ADEB72E199002D21 /* [CP] Check Pods Manifest.lock */ = {
			isa = PBXShellScriptBuildPhase;
			buildActionMask = 2147483647;
			files = (
			);
			inputPaths = (
				"${PODS_PODFILE_DIR_PATH}/Podfile.lock",
				"${PODS_ROOT}/Manifest.lock",
			);
			name = "[CP] Check Pods Manifest.lock";
			outputPaths = (
				"$(DERIVED_FILE_DIR)/Pods-FengYe-checkManifestLockResult.txt",
			);
			runOnlyForDeploymentPostprocessing = 0;
			shellPath = /bin/sh;
			shellScript = "diff \"${PODS_PODFILE_DIR_PATH}/Podfile.lock\" \"${PODS_ROOT}/Manifest.lock\" > /dev/null\nif [ $? != 0 ] ; then\n    # print error to STDERR\n    echo \"error: The sandbox is not in sync with the Podfile.lock. Run 'pod install' or update your CocoaPods installation.\" >&2\n    exit 1\nfi\n# This output is used by Xcode 'outputs' to avoid re-running this script phase.\necho \"SUCCESS\" > \"${SCRIPT_OUTPUT_FILE_0}\"\n";
			showEnvVarsInLog = 0;
		};
		F7587353F162ABE7F40D508E /* [CP] Embed Pods Frameworks */ = {
			isa = PBXShellScriptBuildPhase;
			buildActionMask = 2147483647;
			files = (
			);
			inputPaths = (
			);
			name = "[CP] Embed Pods Frameworks";
			outputPaths = (
			);
			runOnlyForDeploymentPostprocessing = 0;
			shellPath = /bin/sh;
			shellScript = "\"${SRCROOT}/Pods/Target Support Files/Pods-FengYe/Pods-FengYe-frameworks.sh\"\n";
			showEnvVarsInLog = 0;
		};
/* End PBXShellScriptBuildPhase section */

/* Begin PBXSourcesBuildPhase section */
		370D0B251FDCF0B4004263E4 /* Sources */ = {
			isa = PBXSourcesBuildPhase;
			buildActionMask = 2147483647;
			files = (
				37B2FCDC20640E9F00E86A97 /* FYDrawboardCellUnitData.m in Sources */,
				37F0AED82083A411000B5F0D /* FYClickCommentViewController.m in Sources */,
				37F7B9D81FE62F5C00756CA7 /* FYDisplayCell.m in Sources */,
				37C1540C2066473B00820E27 /* FYShowAllInterestCellViewController.m in Sources */,
				370D0B471FDD0712004263E4 /* FYTabBarController.m in Sources */,
				37F21393207D0D7200271C90 /* FYSettingsViewController.m in Sources */,
				3722CE14208B3C9900368F05 /* FYMessagePrivateDetailCell.m in Sources */,
				37F097C92056D554004D34D8 /* FYDrawboardViewController.m in Sources */,
				37F04DFF20878AC7009B6B24 /* FYMessageDynanicCell.m in Sources */,
				37F0AED5208346FC000B5F0D /* FYClickForwardViewController.m in Sources */,
				37B4B44E206A8398006BB958 /* UITextView+Placeholder.m in Sources */,
				37F01699205C9D58007F39F8 /* FYModuleCell.m in Sources */,
				37F6522A201B838500B036C1 /* FYWorksUnitData.m in Sources */,
				37AEED502072911700D64F1A /* FYShowAllFansViewController.m in Sources */,
				37B06DBA207E3CA4009B2AF5 /* FYAbountViewController.m in Sources */,
				370D0B341FDCF0B4004263E4 /* FYDiscoverViewController.m in Sources */,
				37EF1C512075F1E3007D340E /* UIView+Frame.m in Sources */,
				378EC32F205CC5F1003578D3 /* FYUsersCell.m in Sources */,
				37F099F82045B00A00C8028C /* FYInterestGroupDetailData.m in Sources */,
				37F2100620774E6C00E13DD4 /* FYDetailDrawboardColleCell.m in Sources */,
				37F097D02056D5CB004D34D8 /* FYCollectionViewController.m in Sources */,
				37C154092066470E00820E27 /* FYShowAllDrawboardCellViewController.m in Sources */,
				37EE18062084F88E0070BD04 /* FYCommentCell.m in Sources */,
				37EDBEAF204AA7C400B9A984 /* FYPersonalCenterViewController.m in Sources */,
				37EF1C4E2075D2F5007D340E /* FYShowDetailDrawboardViewController.m in Sources */,
				37A72B60206757DB009975E1 /* FYDrawboardCellAdd.m in Sources */,
				37F0169E205CA807007F39F8 /* FYInterestingCell.m in Sources */,
				37EFD59320598A630031CD9B /* FYCollectionView.m in Sources */,
				370D0B2E1FDCF0B4004263E4 /* AppDelegate.m in Sources */,
				37EEDD63206941B500926C56 /* FYNewDrawboardViewController.m in Sources */,
				371FAFC7208F798900B90453 /* uploadModel.m in Sources */,
				37A2B714206EA641000E0C67 /* FYPersonalCenterHeaderData.m in Sources */,
				37AAEB53208AF2EE000D5E8D /* FYDetailPrivateViewController.m in Sources */,
				37F1D6592000FB8B00709D37 /* FYLoginRegisterController.m in Sources */,
				37F2314D2082051E00BFDCD4 /* FYSelectDrawNameViewController.m in Sources */,
				37B2FCDF2064132C00E86A97 /* FYUserCellData.m in Sources */,
				37EF3EDD2086557D00E1983A /* FYCommentData.m in Sources */,
				37ED2083205514B700B664AD /* FYDrawboardCell.m in Sources */,
				37B70F642088EB7E00CF7397 /* FYMessagePrivateCell.m in Sources */,
				37F08A97202732E400429C90 /* FYInterestGroupUnitData.m in Sources */,
				378EC333205CCEF8003578D3 /* FYScrollView.m in Sources */,
				37F08A9D20275E1E00429C90 /* FYInterestGroupDetailController.m in Sources */,
				37F097D62056D607004D34D8 /* FYAttentionViewController.m in Sources */,
				370D0B3F1FDCF0B4004263E4 /* main.m in Sources */,
				37F1D65E2000FBFD00709D37 /* FYLoginRegisterView.m in Sources */,
				37F2314720819DBA00BFDCD4 /* FYClickLikeViewController.m in Sources */,
				37C1540F2066475500820E27 /* FYShowAllAttentionUserCellViewController.m in Sources */,
				370D0B311FDCF0B4004263E4 /* FYRecommendViewController.m in Sources */,
				370D0B4A1FDD145D004263E4 /* FYMessageViewController.m in Sources */,
				37F28E5A20142A75003B07BD /* FYDetailInfoController.m in Sources */,
				379FE83220B9B41D0014F55C /* FYAddWorkInfoController.m in Sources */,
				37F097D32056D5EA004D34D8 /* FYLikeViewController.m in Sources */,
				37FDCEF91FDED6E90031BFC2 /* FYCollectionViewWaterFallLayout.m in Sources */,
			);
			runOnlyForDeploymentPostprocessing = 0;
		};
/* End PBXSourcesBuildPhase section */

/* Begin PBXVariantGroup section */
		370D0B351FDCF0B4004263E4 /* Main.storyboard */ = {
			isa = PBXVariantGroup;
			children = (
				370D0B361FDCF0B4004263E4 /* Base */,
			);
			name = Main.storyboard;
			sourceTree = "<group>";
		};
		370D0B3A1FDCF0B4004263E4 /* LaunchScreen.storyboard */ = {
			isa = PBXVariantGroup;
			children = (
				370D0B3B1FDCF0B4004263E4 /* Base */,
			);
			name = LaunchScreen.storyboard;
			sourceTree = "<group>";
		};
/* End PBXVariantGroup section */

/* Begin XCBuildConfiguration section */
		370D0B401FDCF0B4004263E4 /* Debug */ = {
			isa = XCBuildConfiguration;
			buildSettings = {
				ALWAYS_SEARCH_USER_PATHS = NO;
				CLANG_ANALYZER_NONNULL = YES;
				CLANG_ANALYZER_NUMBER_OBJECT_CONVERSION = YES_AGGRESSIVE;
				CLANG_CXX_LANGUAGE_STANDARD = "gnu++14";
				CLANG_CXX_LIBRARY = "libc++";
				CLANG_ENABLE_MODULES = YES;
				CLANG_ENABLE_OBJC_ARC = YES;
				CLANG_WARN_BLOCK_CAPTURE_AUTORELEASING = YES;
				CLANG_WARN_BOOL_CONVERSION = YES;
				CLANG_WARN_COMMA = YES;
				CLANG_WARN_CONSTANT_CONVERSION = YES;
				CLANG_WARN_DIRECT_OBJC_ISA_USAGE = YES_ERROR;
				CLANG_WARN_DOCUMENTATION_COMMENTS = YES;
				CLANG_WARN_EMPTY_BODY = YES;
				CLANG_WARN_ENUM_CONVERSION = YES;
				CLANG_WARN_INFINITE_RECURSION = YES;
				CLANG_WARN_INT_CONVERSION = YES;
				CLANG_WARN_NON_LITERAL_NULL_CONVERSION = YES;
				CLANG_WARN_OBJC_LITERAL_CONVERSION = YES;
				CLANG_WARN_OBJC_ROOT_CLASS = YES_ERROR;
				CLANG_WARN_RANGE_LOOP_ANALYSIS = YES;
				CLANG_WARN_STRICT_PROTOTYPES = YES;
				CLANG_WARN_SUSPICIOUS_MOVE = YES;
				CLANG_WARN_UNGUARDED_AVAILABILITY = YES_AGGRESSIVE;
				CLANG_WARN_UNREACHABLE_CODE = YES;
				CLANG_WARN__DUPLICATE_METHOD_MATCH = YES;
				CODE_SIGN_IDENTITY = "iPhone Developer";
				COPY_PHASE_STRIP = NO;
				DEBUG_INFORMATION_FORMAT = dwarf;
				ENABLE_STRICT_OBJC_MSGSEND = YES;
				ENABLE_TESTABILITY = YES;
				GCC_C_LANGUAGE_STANDARD = gnu11;
				GCC_DYNAMIC_NO_PIC = NO;
				GCC_NO_COMMON_BLOCKS = YES;
				GCC_OPTIMIZATION_LEVEL = 0;
				GCC_PREPROCESSOR_DEFINITIONS = (
					"DEBUG=1",
					"$(inherited)",
				);
				GCC_WARN_64_TO_32_BIT_CONVERSION = YES;
				GCC_WARN_ABOUT_RETURN_TYPE = YES_ERROR;
				GCC_WARN_UNDECLARED_SELECTOR = YES;
				GCC_WARN_UNINITIALIZED_AUTOS = YES_AGGRESSIVE;
				GCC_WARN_UNUSED_FUNCTION = YES;
				GCC_WARN_UNUSED_VARIABLE = YES;
				IPHONEOS_DEPLOYMENT_TARGET = 11.1;
				MTL_ENABLE_DEBUG_INFO = YES;
				ONLY_ACTIVE_ARCH = YES;
				SDKROOT = iphoneos;
			};
			name = Debug;
		};
		370D0B411FDCF0B4004263E4 /* Release */ = {
			isa = XCBuildConfiguration;
			buildSettings = {
				ALWAYS_SEARCH_USER_PATHS = NO;
				CLANG_ANALYZER_NONNULL = YES;
				CLANG_ANALYZER_NUMBER_OBJECT_CONVERSION = YES_AGGRESSIVE;
				CLANG_CXX_LANGUAGE_STANDARD = "gnu++14";
				CLANG_CXX_LIBRARY = "libc++";
				CLANG_ENABLE_MODULES = YES;
				CLANG_ENABLE_OBJC_ARC = YES;
				CLANG_WARN_BLOCK_CAPTURE_AUTORELEASING = YES;
				CLANG_WARN_BOOL_CONVERSION = YES;
				CLANG_WARN_COMMA = YES;
				CLANG_WARN_CONSTANT_CONVERSION = YES;
				CLANG_WARN_DIRECT_OBJC_ISA_USAGE = YES_ERROR;
				CLANG_WARN_DOCUMENTATION_COMMENTS = YES;
				CLANG_WARN_EMPTY_BODY = YES;
				CLANG_WARN_ENUM_CONVERSION = YES;
				CLANG_WARN_INFINITE_RECURSION = YES;
				CLANG_WARN_INT_CONVERSION = YES;
				CLANG_WARN_NON_LITERAL_NULL_CONVERSION = YES;
				CLANG_WARN_OBJC_LITERAL_CONVERSION = YES;
				CLANG_WARN_OBJC_ROOT_CLASS = YES_ERROR;
				CLANG_WARN_RANGE_LOOP_ANALYSIS = YES;
				CLANG_WARN_STRICT_PROTOTYPES = YES;
				CLANG_WARN_SUSPICIOUS_MOVE = YES;
				CLANG_WARN_UNGUARDED_AVAILABILITY = YES_AGGRESSIVE;
				CLANG_WARN_UNREACHABLE_CODE = YES;
				CLANG_WARN__DUPLICATE_METHOD_MATCH = YES;
				CODE_SIGN_IDENTITY = "iPhone Developer";
				COPY_PHASE_STRIP = NO;
				DEBUG_INFORMATION_FORMAT = "dwarf-with-dsym";
				ENABLE_NS_ASSERTIONS = NO;
				ENABLE_STRICT_OBJC_MSGSEND = YES;
				GCC_C_LANGUAGE_STANDARD = gnu11;
				GCC_NO_COMMON_BLOCKS = YES;
				GCC_WARN_64_TO_32_BIT_CONVERSION = YES;
				GCC_WARN_ABOUT_RETURN_TYPE = YES_ERROR;
				GCC_WARN_UNDECLARED_SELECTOR = YES;
				GCC_WARN_UNINITIALIZED_AUTOS = YES_AGGRESSIVE;
				GCC_WARN_UNUSED_FUNCTION = YES;
				GCC_WARN_UNUSED_VARIABLE = YES;
				IPHONEOS_DEPLOYMENT_TARGET = 11.1;
				MTL_ENABLE_DEBUG_INFO = NO;
				SDKROOT = iphoneos;
				VALIDATE_PRODUCT = YES;
			};
			name = Release;
		};
		370D0B431FDCF0B4004263E4 /* Debug */ = {
			isa = XCBuildConfiguration;
			baseConfigurationReference = E0FBE52D7EABD327D8882E37 /* Pods-FengYe.debug.xcconfig */;
			buildSettings = {
				ASSETCATALOG_COMPILER_APPICON_NAME = AppIcon;
				CODE_SIGN_STYLE = Automatic;
				DEVELOPMENT_TEAM = 6NC35YNKT4;
				INFOPLIST_FILE = FengYe/Info.plist;
				IPHONEOS_DEPLOYMENT_TARGET = 10.0;
				LD_RUNPATH_SEARCH_PATHS = "$(inherited) @executable_path/Frameworks";
				PRODUCT_BUNDLE_IDENTIFIER = Alan.FengYe;
				PRODUCT_NAME = "$(TARGET_NAME)";
				TARGETED_DEVICE_FAMILY = "1,2";
			};
			name = Debug;
		};
		370D0B441FDCF0B4004263E4 /* Release */ = {
			isa = XCBuildConfiguration;
			baseConfigurationReference = 83B1FC4707534494389B422C /* Pods-FengYe.release.xcconfig */;
			buildSettings = {
				ASSETCATALOG_COMPILER_APPICON_NAME = AppIcon;
				CODE_SIGN_STYLE = Automatic;
				DEVELOPMENT_TEAM = 6NC35YNKT4;
				INFOPLIST_FILE = FengYe/Info.plist;
				IPHONEOS_DEPLOYMENT_TARGET = 10.0;
				LD_RUNPATH_SEARCH_PATHS = "$(inherited) @executable_path/Frameworks";
				PRODUCT_BUNDLE_IDENTIFIER = Alan.FengYe;
				PRODUCT_NAME = "$(TARGET_NAME)";
				TARGETED_DEVICE_FAMILY = "1,2";
			};
			name = Release;
		};
/* End XCBuildConfiguration section */

/* Begin XCConfigurationList section */
		370D0B241FDCF0B4004263E4 /* Build configuration list for PBXProject "FengYe" */ = {
			isa = XCConfigurationList;
			buildConfigurations = (
				370D0B401FDCF0B4004263E4 /* Debug */,
				370D0B411FDCF0B4004263E4 /* Release */,
			);
			defaultConfigurationIsVisible = 0;
			defaultConfigurationName = Release;
		};
		370D0B421FDCF0B4004263E4 /* Build configuration list for PBXNativeTarget "FengYe" */ = {
			isa = XCConfigurationList;
			buildConfigurations = (
				370D0B431FDCF0B4004263E4 /* Debug */,
				370D0B441FDCF0B4004263E4 /* Release */,
			);
			defaultConfigurationIsVisible = 0;
			defaultConfigurationName = Release;
		};
/* End XCConfigurationList section */
	};
	rootObject = 370D0B211FDCF0B4004263E4 /* Project object */;
}
